
Microsoft Visual Studio Solution File, Format Version 12.00
# Visual Studio 2013
VisualStudioVersion = 12.0.40629.0
MinimumVisualStudioVersion = 10.0.40219.1
Project("{FAE04EC0-301F-11D3-BF4B-00C04F79EFBC}") = "MvcRepository3", "MvcRepository3\MvcRepository3.csproj", "{14F405A2-C620-47DD-8975-6655C7C67A4E}"
EndProject
Project("{FAE04EC0-301F-11D3-BF4B-00C04F79EFBC}") = "NPocoDemo", "NPocoDemo\NPocoDemo.csproj", "{EB738899-BB6B-44EE-AA1A-A5AFF01927BD}"
EndProject
Project("{FAE04EC0-301F-11D3-BF4B-00C04F79EFBC}") = "NPocoRepository", "NPocoRepository\NPocoRepository.csproj", "{46E6ECCD-99AF-4B15-A090-C7CE9EA1D883}"
EndProject
Global
	GlobalSection(SolutionConfigurationPlatforms) = preSolution
		Debug|Any CPU = Debug|Any CPU
		Release|Any CPU = Release|Any CPU
	EndGlobalSection
	GlobalSection(ProjectConfigurationPlatforms) = postSolution
		{14F405A2-C620-47DD-8975-6655C7C67A4E}.Debug|Any CPU.ActiveCfg = Debug|Any CPU
		{14F405A2-C620-47DD-8975-6655C7C67A4E}.Debug|Any CPU.Build.0 = Debug|Any CPU
		{14F405A2-C620-47DD-8975-6655C7C67A4E}.Release|Any CPU.ActiveCfg = Release|Any CPU
		{14F405A2-C620-47DD-8975-6655C7C67A4E}.Release|Any CPU.Build.0 = Release|Any CPU
		{EB738899-BB6B-44EE-AA1A-A5AFF01927BD}.Debug|Any CPU.ActiveCfg = Debug|Any CPU
		{EB738899-BB6B-44EE-AA1A-A5AFF01927BD}.Debug|Any CPU.Build.0 = Debug|Any CPU
		{EB738899-BB6B-44EE-AA1A-A5AFF01927BD}.Release|Any CPU.ActiveCfg = Release|Any CPU
		{EB738899-BB6B-44EE-AA1A-A5AFF01927BD}.Release|Any CPU.Build.0 = Release|Any CPU
		{46E6ECCD-99AF-4B15-A090-C7CE9EA1D883}.Debug|Any CPU.ActiveCfg = Debug|Any CPU
		{46E6ECCD-99AF-4B15-A090-C7CE9EA1D883}.Debug|Any CPU.Build.0 = Debug|Any CPU
		{46E6ECCD-99AF-4B15-A090-C7CE9EA1D883}.Release|Any CPU.ActiveCfg = Release|Any CPU
		{46E6ECCD-99AF-4B15-A090-C7CE9EA1D883}.Release|Any CPU.Build.0 = Release|Any CPU
	EndGlobalSection
	GlobalSection(SolutionProperties) = preSolution
		HideSolutionNode = FALSE
	EndGlobalSection
EndGlobal
